
Microsoft Visual Studio Solution File, Format Version 12.00
# Visual Studio Version 16
VisualStudioVersion = 16.0.31729.503
MinimumVisualStudioVersion = 10.0.40219.1
Project("{FAE04EC0-301F-11D3-BF4B-00C04F79EFBC}") = "UnitTestSQ5.Console", "UnitTestSQ5.Console\UnitTestSQ5.Console.csproj", "{49C387AB-2EC9-437B-9268-61099AEAB16D}"
EndProject
Project("{FAE04EC0-301F-11D3-BF4B-00C04F79EFBC}") = "UnitTestSQ5.Service", "UnitTestSQ5.Service\UnitTestSQ5.Service.csproj", "{73EE3B59-8921-448E-8D7F-91BDAEFEA819}"
EndProject
Project("{FAE04EC0-301F-11D3-BF4B-00C04F79EFBC}") = "UnitTestSq5.Testing", "UnitTestSq5.Testing\UnitTestSq5.Testing.csproj", "{4C19A48B-7D6D-4CA5-B05A-448EE9C4F619}"
EndProject
Global
	GlobalSection(SolutionConfigurationPlatforms) = preSolution
		Debug|Any CPU = Debug|Any CPU
		Release|Any CPU = Release|Any CPU
	EndGlobalSection
	GlobalSection(ProjectConfigurationPlatforms) = postSolution
		{49C387AB-2EC9-437B-9268-61099AEAB16D}.Debug|Any CPU.ActiveCfg = Debug|Any CPU
		{49C387AB-2EC9-437B-9268-61099AEAB16D}.Debug|Any CPU.Build.0 = Debug|Any CPU
		{49C387AB-2EC9-437B-9268-61099AEAB16D}.Release|Any CPU.ActiveCfg = Release|Any CPU
		{49C387AB-2EC9-437B-9268-61099AEAB16D}.Release|Any CPU.Build.0 = Release|Any CPU
		{73EE3B59-8921-448E-8D7F-91BDAEFEA819}.Debug|Any CPU.ActiveCfg = Debug|Any CPU
		{73EE3B59-8921-448E-8D7F-91BDAEFEA819}.Debug|Any CPU.Build.0 = Debug|Any CPU
		{73EE3B59-8921-448E-8D7F-91BDAEFEA819}.Release|Any CPU.ActiveCfg = Release|Any CPU
		{73EE3B59-8921-448E-8D7F-91BDAEFEA819}.Release|Any CPU.Build.0 = Release|Any CPU
		{4C19A48B-7D6D-4CA5-B05A-448EE9C4F619}.Debug|Any CPU.ActiveCfg = Debug|Any CPU
		{4C19A48B-7D6D-4CA5-B05A-448EE9C4F619}.Debug|Any CPU.Build.0 = Debug|Any CPU
		{4C19A48B-7D6D-4CA5-B05A-448EE9C4F619}.Release|Any CPU.ActiveCfg = Release|Any CPU
		{4C19A48B-7D6D-4CA5-B05A-448EE9C4F619}.Release|Any CPU.Build.0 = Release|Any CPU
	EndGlobalSection
	GlobalSection(SolutionProperties) = preSolution
		HideSolutionNode = FALSE
	EndGlobalSection
	GlobalSection(ExtensibilityGlobals) = postSolution
		SolutionGuid = {16E73AB3-519C-488F-8BBE-C8D4E543AB58}
	EndGlobalSection
EndGlobal
